// !$*UTF8*$!
{
	archiveVersion = 1;
	classes = {
	};
	objectVersion = 46;
	objects = {

/* Begin PBXBuildFile section */
		D53AC8E81BCE7C6400093E98 /* AppDelegate.swift in Sources */ = {isa = PBXBuildFile; fileRef = D53AC8E71BCE7C6400093E98 /* AppDelegate.swift */; };
		D53AC8EA1BCE7C6400093E98 /* ViewController.swift in Sources */ = {isa = PBXBuildFile; fileRef = D53AC8E91BCE7C6400093E98 /* ViewController.swift */; };
		D53AC8ED1BCE7C6500093E98 /* Main.storyboard in Resources */ = {isa = PBXBuildFile; fileRef = D53AC8EB1BCE7C6500093E98 /* Main.storyboard */; };
		D53AC8EF1BCE7C6500093E98 /* Assets.xcassets in Resources */ = {isa = PBXBuildFile; fileRef = D53AC8EE1BCE7C6500093E98 /* Assets.xcassets */; };
		D53AC8F21BCE7C6500093E98 /* LaunchScreen.storyboard in Resources */ = {isa = PBXBuildFile; fileRef = D53AC8F01BCE7C6500093E98 /* LaunchScreen.storyboard */; };
/* End PBXBuildFile section */

/* Begin PBXFileReference section */
		D53AC8E41BCE7C6400093E98 /* summ.app */ = {isa = PBXFileReference; explicitFileType = wrapper.application; includeInIndex = 0; path = summ.app; sourceTree = BUILT_PRODUCTS_DIR; };
		D53AC8E71BCE7C6400093E98 /* AppDelegate.swift */ = {isa = PBXFileReference; lastKnownFileType = sourcecode.swift; path = AppDelegate.swift; sourceTree = "<group>"; };
		D53AC8E91BCE7C6400093E98 /* ViewController.swift */ = {isa = PBXFileReference; lastKnownFileType = sourcecode.swift; path = ViewController.swift; sourceTree = "<group>"; };
		D53AC8EC1BCE7C6500093E98 /* Base */ = {isa = PBXFileReference; lastKnownFileType = file.storyboard; name = Base; path = Base.lproj/Main.storyboard; sourceTree = "<group>"; };
		D53AC8EE1BCE7C6500093E98 /* Assets.xcassets */ = {isa = PBXFileReference; lastKnownFileType = folder.assetcatalog; path = Assets.xcassets; sourceTree = "<group>"; };
		D53AC8F11BCE7C6500093E98 /* Base */ = {isa = PBXFileReference; lastKnownFileType = file.storyboard; name = Base; path = Base.lproj/LaunchScreen.storyboard; sourceTree = "<group>"; };
		D53AC8F31BCE7C6500093E98 /* Info.plist */ = {isa = PBXFileReference; lastKnownFileType = text.plist.xml; path = Info.plist; sourceTree = "<group>"; };
/* End PBXFileReference section */

/* Begin PBXFrameworksBuildPhase section */
		D53AC8E11BCE7C6400093E98 /* Frameworks */ = {
			isa = PBXFrameworksBuildPhase;
			buildActionMask = 2147483647;
			files = (
			);
			runOnlyForDeploymentPostprocessing = 0;
		};
/* End PBXFrameworksBuildPhase section */

/* Begin PBXGroup section */
		D53AC8DB1BCE7C6400093E98 = {
			isa = PBXGroup;
			children = (
				D53AC8E61BCE7C6400093E98 /* summ */,
				D53AC8E51BCE7C6400093E98 /* Products */,
			);
			sourceTree = "<group>";
		};
		D53AC8E51BCE7C6400093E98 /* Products */ = {
			isa = PBXGroup;
			children = (
				D53AC8E41BCE7C6400093E98 /* summ.app */,
			);
			name = Products;
			sourceTree = "<group>";
		};
		D53AC8E61BCE7C6400093E98 /* summ */ = {
			isa = PBXGroup;
			children = (
				D53AC8E71BCE7C6400093E98 /* AppDelegate.swift */,
				D53AC8E91BCE7C6400093E98 /* ViewController.swift */,
				D53AC8EB1BCE7C6500093E98 /* Main.storyboard */,
				D53AC8EE1BCE7C6500093E98 /* Assets.xcassets */,
				D53AC8F01BCE7C6500093E98 /* LaunchScreen.storyboard */,
				D53AC8F31BCE7C6500093E98 /* Info.plist */,
			);
			path = summ;
			sourceTree = "<group>";
		};
/* End PBXGroup section */

/* Begin PBXNativeTarget section */
		D53AC8E31BCE7C6400093E98 /* summ */ = {
			isa = PBXNativeTarget;
			buildConfigurationList = D53AC8F61BCE7C6500093E98 /* Build configuration list for PBXNativeTarget "summ" */;
			buildPhases = (
				D53AC8E01BCE7C6400093E98 /* Sources */,
				D53AC8E11BCE7C6400093E98 /* Frameworks */,
				D53AC8E21BCE7C6400093E98 /* Resources */,
			);
			buildRules = (
			);
			dependencies = (
			);
			name = summ;
			productName = summ;
			productReference = D53AC8E41BCE7C6400093E98 /* summ.app */;
			productType = "com.apple.product-type.application";
		};
/* End PBXNativeTarget section */

/* Begin PBXProject section */
		D53AC8DC1BCE7C6400093E98 /* Project object */ = {
			isa = PBXProject;
			attributes = {
				LastUpgradeCheck = 0700;
				ORGANIZATIONNAME = "Dmitriy Roytman";
				TargetAttributes = {
					D53AC8E31BCE7C6400093E98 = {
						CreatedOnToolsVersion = 7.0.1;
					};
				};
			};
			buildConfigurationList = D53AC8DF1BCE7C6400093E98 /* Build configuration list for PBXProject "summ" */;
			compatibilityVersion = "Xcode 3.2";
			developmentRegion = English;
			hasScannedForEncodings = 0;
			knownRegions = (
				en,
				Base,
			);
			mainGroup = D53AC8DB1BCE7C6400093E98;
			productRefGroup = D53AC8E51BCE7C6400093E98 /* Products */;
			projectDirPath = "";
			projectRoot = "";
			targets = (
				D53AC8E31BCE7C6400093E98 /* summ */,
			);
		};
/* End PBXProject section */

/* Begin PBXResourcesBuildPhase section */
		D53AC8E21BCE7C6400093E98 /* Resources */ = {
			isa = PBXResourcesBuildPhase;
			buildActionMask = 2147483647;
			files = (
				D53AC8F21BCE7C6500093E98 /* LaunchScreen.storyboard in Resources */,
				D53AC8EF1BCE7C6500093E98 /* Assets.xcassets in Resources */,
				D53AC8ED1BCE7C6500093E98 /* Main.storyboard in Resources */,
			);
			runOnlyForDeploymentPostprocessing = 0;
		};
/* End PBXResourcesBuildPhase section */

/* Begin PBXSourcesBuildPhase section */
		D53AC8E01BCE7C6400093E98 /* Sources */ = {
			isa = PBXSourcesBuildPhase;
			buildActionMask = 2147483647;
			files = (
				D53AC8EA1BCE7C6400093E98 /* ViewController.swift in Sources */,
				D53AC8E81BCE7C6400093E98 /* AppDelegate.swift in Sources */,
			);
			runOnlyForDeploymentPostprocessing = 0;
		};
/* End PBXSourcesBuildPhase section */

/* Begin PBXVariantGroup section */
		D53AC8EB1BCE7C6500093E98 /* Main.storyboard */ = {
			isa = PBXVariantGroup;
			children = (
				D53AC8EC1BCE7C6500093E98 /* Base */,
			);
			name = Main.storyboard;
			sourceTree = "<group>";
		};
		D53AC8F01BCE7C6500093E98 /* LaunchScreen.storyboard */ = {
			isa = PBXVariantGroup;
			children = (
				D53AC8F11BCE7C6500093E98 /* Base */,
			);
			name = LaunchScreen.storyboard;
			sourceTree = "<group>";
		};
/* End PBXVariantGroup section */

/* Begin XCBuildConfiguration section */
		D53AC8F41BCE7C6500093E98 /* Debug */ = {
			isa = XCBuildConfiguration;
			buildSettings = {
				ALWAYS_SEARCH_USER_PATHS = NO;
				CLANG_CXX_LANGUAGE_STANDARD = "gnu++0x";
				CLANG_CXX_LIBRARY = "libc++";
				CLANG_ENABLE_MODULES = YES;
				CLANG_ENABLE_OBJC_ARC = YES;
				CLANG_WARN_BOOL_CONVERSION = YES;
				CLANG_WARN_CONSTANT_CONVERSION = YES;
				CLANG_WARN_DIRECT_OBJC_ISA_USAGE = YES_ERROR;
				CLANG_WARN_EMPTY_BODY = YES;
				CLANG_WARN_ENUM_CONVERSION = YES;
				CLANG_WARN_INT_CONVERSION = YES;
				CLANG_WARN_OBJC_ROOT_CLASS = YES_ERROR;
				CLANG_WARN_UNREACHABLE_CODE = YES;
				CLANG_WARN__DUPLICATE_METHOD_MATCH = YES;
				"CODE_SIGN_IDENTITY[sdk=iphoneos*]" = "iPhone Developer";
				COPY_PHASE_STRIP = NO;
				DEBUG_INFORMATION_FORMAT = dwarf;
				ENABLE_STRICT_OBJC_MSGSEND = YES;
				ENABLE_TESTABILITY = YES;
				GCC_C_LANGUAGE_STANDARD = gnu99;
				GCC_DYNAMIC_NO_PIC = NO;
				GCC_NO_COMMON_BLOCKS = YES;
				GCC_OPTIMIZATION_LEVEL = 0;
				GCC_PREPROCESSOR_DEFINITIONS = (
					"DEBUG=1",
					"$(inherited)",
				);
				GCC_WARN_64_TO_32_BIT_CONVERSION = YES;
				GCC_WARN_ABOUT_RETURN_TYPE = YES_ERROR;
				GCC_WARN_UNDECLARED_SELECTOR = YES;
				GCC_WARN_UNINITIALIZED_AUTOS = YES_AGGRESSIVE;
				GCC_WARN_UNUSED_FUNCTION = YES;
				GCC_WARN_UNUSED_VARIABLE = YES;
				IPHONEOS_DEPLOYMENT_TARGET = 9.0;
				MTL_ENABLE_DEBUG_INFO = YES;
				ONLY_ACTIVE_ARCH = YES;
				SDKROOT = iphoneos;
				SWIFT_OPTIMIZATION_LEVEL = "-Onone";
			};
			name = Debug;
		};
		D53AC8F51BCE7C6500093E98 /* Release */ = {
			isa = XCBuildConfiguration;
			buildSettings = {
				ALWAYS_SEARCH_USER_PATHS = NO;
				CLANG_CXX_LANGUAGE_STANDARD = "gnu++0x";
				CLANG_CXX_LIBRARY = "libc++";
				CLANG_ENABLE_MODULES = YES;
				CLANG_ENABLE_OBJC_ARC = YES;
				CLANG_WARN_BOOL_CONVERSION = YES;
				CLANG_WARN_CONSTANT_CONVERSION = YES;
				CLANG_WARN_DIRECT_OBJC_ISA_USAGE = YES_ERROR;
				CLANG_WARN_EMPTY_BODY = YES;
				CLANG_WARN_ENUM_CONVERSION = YES;
				CLANG_WARN_INT_CONVERSION = YES;
				CLANG_WARN_OBJC_ROOT_CLASS = YES_ERROR;
				CLANG_WARN_UNREACHABLE_CODE = YES;
				CLANG_WARN__DUPLICATE_METHOD_MATCH = YES;
				"CODE_SIGN_IDENTITY[sdk=iphoneos*]" = "iPhone Developer";
				COPY_PHASE_STRIP = NO;
				DEBUG_INFORMATION_FORMAT = "dwarf-with-dsym";
				ENABLE_NS_ASSERTIONS = NO;
				ENABLE_STRICT_OBJC_MSGSEND = YES;
				GCC_C_LANGUAGE_STANDARD = gnu99;
				GCC_NO_COMMON_BLOCKS = YES;
				GCC_WARN_64_TO_32_BIT_CONVERSION = YES;
				GCC_WARN_ABOUT_RETURN_TYPE = YES_ERROR;
				GCC_WARN_UNDECLARED_SELECTOR = YES;
				GCC_WARN_UNINITIALIZED_AUTOS = YES_AGGRESSIVE;
				GCC_WARN_UNUSED_FUNCTION = YES;
				GCC_WARN_UNUSED_VARIABLE = YES;
				IPHONEOS_DEPLOYMENT_TARGET = 9.0;
				MTL_ENABLE_DEBUG_INFO = NO;
				SDKROOT = iphoneos;
				VALIDATE_PRODUCT = YES;
			};
			name = Release;
		};
		D53AC8F71BCE7C6500093E98 /* Debug */ = {
			isa = XCBuildConfiguration;
			buildSettings = {
				ASSETCATALOG_COMPILER_APPICON_NAME = AppIcon;
				INFOPLIST_FILE = summ/Info.plist;
				LD_RUNPATH_SEARCH_PATHS = "$(inherited) @executable_path/Frameworks";
				PRODUCT_BUNDLE_IDENTIFIER = ru.1appstudio.ios.summ;
				PRODUCT_NAME = "$(TARGET_NAME)";
			};
			name = Debug;
		};
		D53AC8F81BCE7C6500093E98 /* Release */ = {
			isa = XCBuildConfiguration;
			buildSettings = {
				ASSETCATALOG_COMPILER_APPICON_NAME = AppIcon;
				INFOPLIST_FILE = summ/Info.plist;
				LD_RUNPATH_SEARCH_PATHS = "$(inherited) @executable_path/Frameworks";
				PRODUCT_BUNDLE_IDENTIFIER = ru.1appstudio.ios.summ;
				PRODUCT_NAME = "$(TARGET_NAME)";
			};
			name = Release;
		};
/* End XCBuildConfiguration section */

/* Begin XCConfigurationList section */
		D53AC8DF1BCE7C6400093E98 /* Build configuration list for PBXProject "summ" */ = {
			isa = XCConfigurationList;
			buildConfigurations = (
				D53AC8F41BCE7C6500093E98 /* Debug */,
				D53AC8F51BCE7C6500093E98 /* Release */,
			);
			defaultConfigurationIsVisible = 0;
			defaultConfigurationName = Release;
		};
		D53AC8F61BCE7C6500093E98 /* Build configuration list for PBXNativeTarget "summ" */ = {
			isa = XCConfigurationList;
			buildConfigurations = (
				D53AC8F71BCE7C6500093E98 /* Debug */,
				D53AC8F81BCE7C6500093E98 /* Release */,
			);
			defaultConfigurationIsVisible = 0;
		};
/* End XCConfigurationList section */
	};
	rootObject = D53AC8DC1BCE7C6400093E98 /* Project object */;
}
